Microsoft Visual Studio Solution File, Format Version 12.00
# Visual Studio Version 17
VisualStudioVersion = 17.0.31903.59
MinimumVisualStudioVersion = 10.0.40219.1
Project("{2150E333-8FDC-42A3-9474-1A3956D46DE8}") = "01-basics", "01-basics", "{13491038-DE22-28AF-F873-9366ADF07665}"
EndProject
Project("{2150E333-8FDC-42A3-9474-1A3956D46DE8}") = "02-multithreading", "02-multithreading", "{23491038-DE22-28AF-F873-9366ADF07666}"
EndProject
Project("{2150E333-8FDC-42A3-9474-1A3956D46DE8}") = "03-datatypes", "03-datatypes", "{33491038-DE22-28AF-F873-9366ADF07667}"
EndProject
Project("{2150E333-8FDC-42A3-9474-1A3956D46DE8}") = "04-aspnet", "04-aspnet", "{43491038-DE22-28AF-F873-9366ADF07668}"
EndProject
Project("{2150E333-8FDC-42A3-9474-1A3956D46DE8}") = "05-network", "05-network", "{53491038-DE22-28AF-F873-9366ADF07669}"
EndProject
Project("{2150E333-8FDC-42A3-9474-1A3956D46DE8}") = "06-security", "06-security", "{63491038-DE22-28AF-F873-9366ADF07670}"
EndProject
Project("{2150E333-8FDC-42A3-9474-1A3956D46DE8}") = "07-ef", "07-ef", "{73491038-DE22-28AF-F873-9366ADF07671}"
EndProject
Project("{2150E333-8FDC-42A3-9474-1A3956D46DE8}") = "08-git", "08-git", "{83491038-DE22-28AF-F873-9366ADF07672}"
EndProject
Project("{2150E333-8FDC-42A3-9474-1A3956D46DE8}") = "09-architecture", "09-architecture", "{93491038-DE22-28AF-F873-9366ADF07673}"
EndProject
Project("{2150E333-8FDC-42A3-9474-1A3956D46DE8}") = "10-brokers", "10-brokers", "{A3491038-DE22-28AF-F873-9366ADF07674}"
EndProject
Project("{2150E333-8FDC-42A3-9474-1A3956D46DE8}") = "11-csharp-advanced", "11-csharp-advanced", "{B3491038-DE22-28AF-F873-9366ADF07675}"
EndProject
Project("{2150E333-8FDC-42A3-9474-1A3956D46DE8}") = "12-backend", "12-backend", "{C3491038-DE22-28AF-F873-9366ADF07676}"
EndProject
Project("{2150E333-8FDC-42A3-9474-1A3956D46DE8}") = "13-sql", "13-sql", "{D3491038-DE22-28AF-F873-9366ADF07677}"
EndProject
Global
	GlobalSection(SolutionConfigurationPlatforms) = preSolution
		Debug|Any CPU = Debug|Any CPU
		Debug|x64 = Debug|x64
		Debug|x86 = Debug|x86
		Release|Any CPU = Release|Any CPU
		Release|x64 = Release|x64
		Release|x86 = Release|x86
	EndGlobalSection
	GlobalSection(SolutionProperties) = preSolution
		HideSolutionNode = FALSE
	EndGlobalSection
	GlobalSection(NestedProjects) = preSolution
		{23491038-DE22-28AF-F873-9366ADF07666} = {13491038-DE22-28AF-F873-9366ADF07665}
		{33491038-DE22-28AF-F873-9366ADF07667} = {13491038-DE22-28AF-F873-9366ADF07665}
		{43491038-DE22-28AF-F873-9366ADF07668} = {13491038-DE22-28AF-F873-9366ADF07665}
		{53491038-DE22-28AF-F873-9366ADF07669} = {13491038-DE22-28AF-F873-9366ADF07665}
		{63491038-DE22-28AF-F873-9366ADF07670} = {13491038-DE22-28AF-F873-9366ADF07665}
		{73491038-DE22-28AF-F873-9366ADF07671} = {13491038-DE22-28AF-F873-9366ADF07665}
		{83491038-DE22-28AF-F873-9366ADF07672} = {13491038-DE22-28AF-F873-9366ADF07665}
		{93491038-DE22-28AF-F873-9366ADF07673} = {13491038-DE22-28AF-F873-9366ADF07665}
		{A3491038-DE22-28AF-F873-9366ADF07674} = {13491038-DE22-28AF-F873-9366ADF07665}
		{B3491038-DE22-28AF-F873-9366ADF07675} = {13491038-DE22-28AF-F873-9366ADF07665}
		{C3491038-DE22-28AF-F873-9366ADF07676} = {13491038-DE22-28AF-F873-9366ADF07665}
		{D3491038-DE22-28AF-F873-9366ADF07677} = {13491038-DE22-28AF-F873-9366ADF07665}
	EndGlobalSection
EndGlobal
